
Microsoft Visual Studio Solution File, Format Version 12.00
# Visual Studio Version 17
VisualStudioVersion = 17.1.32421.90
MinimumVisualStudioVersion = 10.0.40219.1
Project("{00D1A9C2-B5F0-4AF3-8072-F6C62B433612}") = "GuestManagementSystemDB", "GuestManagementSystemDB\GuestManagementSystemDB.sqlproj", "{47ADE7E7-5E2A-470C-BA8A-FD7ACD367EA2}"
EndProject
Global
	GlobalSection(SolutionConfigurationPlatforms) = preSolution
		Debug|Any CPU = Debug|Any CPU
		Release|Any CPU = Release|Any CPU
	EndGlobalSection
	GlobalSection(ProjectConfigurationPlatforms) = postSolution
		{47ADE7E7-5E2A-470C-BA8A-FD7ACD367EA2}.Debug|Any CPU.ActiveCfg = Debug|Any CPU
		{47ADE7E7-5E2A-470C-BA8A-FD7ACD367EA2}.Debug|Any CPU.Build.0 = Debug|Any CPU
		{47ADE7E7-5E2A-470C-BA8A-FD7ACD367EA2}.Debug|Any CPU.Deploy.0 = Debug|Any CPU
		{47ADE7E7-5E2A-470C-BA8A-FD7ACD367EA2}.Release|Any CPU.ActiveCfg = Release|Any CPU
		{47ADE7E7-5E2A-470C-BA8A-FD7ACD367EA2}.Release|Any CPU.Build.0 = Release|Any CPU
		{47ADE7E7-5E2A-470C-BA8A-FD7ACD367EA2}.Release|Any CPU.Deploy.0 = Release|Any CPU
	EndGlobalSection
	GlobalSection(SolutionProperties) = preSolution
		HideSolutionNode = FALSE
	EndGlobalSection
	GlobalSection(ExtensibilityGlobals) = postSolution
		SolutionGuid = {1089C088-ED28-4EE6-9C82-4CB6A0954767}
	EndGlobalSection
EndGlobal
